// !$*UTF8*$!
{
	archiveVersion = 1;
	classes = {
	};
	objectVersion = 56;
	objects = {

/* Begin PBXBuildFile section */
		AA0000000000000000000029 /* StudyTimerWidgetExtension.appex in Embed Foundation Extensions */ = {isa = PBXBuildFile; fileRef = AA0000000000000000000010 /* StudyTimerWidgetExtension.appex */; settings = {ATTRIBUTES = (RemoveHeadersOnCopy, ); }; };
		CC0000000000000000000001 /* StudyTimerApp.swift in Sources */ = {isa = PBXBuildFile; fileRef = BB0000000000000000000001 /* StudyTimerApp.swift */; };
		CC0000000000000000000002 /* SessionPanel.swift in Sources */ = {isa = PBXBuildFile; fileRef = BB0000000000000000000002 /* SessionPanel.swift */; };
		CC0000000000000000000003 /* SessionModel.swift in Sources */ = {isa = PBXBuildFile; fileRef = BB0000000000000000000003 /* SessionModel.swift */; };
		CC0000000000000000000004 /* AppGroup.swift in Sources */ = {isa = PBXBuildFile; fileRef = BB0000000000000000000013 /* AppGroup.swift */; };
		CC0000000000000000000005 /* StudySession.swift in Sources */ = {isa = PBXBuildFile; fileRef = BB0000000000000000000014 /* StudySession.swift */; };
		CC0000000000000000000006 /* SessionStore.swift in Sources */ = {isa = PBXBuildFile; fileRef = BB0000000000000000000015 /* SessionStore.swift */; };
		CC0000000000000000000007 /* AlertScheduler.swift in Sources */ = {isa = PBXBuildFile; fileRef = BB0000000000000000000016 /* AlertScheduler.swift */; };
		CC0000000000000000000008 /* Assets.xcassets in Resources */ = {isa = PBXBuildFile; fileRef = BB0000000000000000000006 /* Assets.xcassets */; };
		CC0000000000000000000009 /* Palette.swift in Sources */ = {isa = PBXBuildFile; fileRef = BB0000000000000000000017 /* Palette.swift */; };
		CC0000000000000000000010 /* SessionViews.swift in Sources */ = {isa = PBXBuildFile; fileRef = BB0000000000000000000018 /* SessionViews.swift */; };
		DD0000000000000000000001 /* StudyTimerWidgetBundle.swift in Sources */ = {isa = PBXBuildFile; fileRef = BB0000000000000000000007 /* StudyTimerWidgetBundle.swift */; };
		DD0000000000000000000002 /* StudyTimerWidget.swift in Sources */ = {isa = PBXBuildFile; fileRef = BB0000000000000000000008 /* StudyTimerWidget.swift */; };
		DD0000000000000000000003 /* WidgetIntents.swift in Sources */ = {isa = PBXBuildFile; fileRef = BB0000000000000000000009 /* WidgetIntents.swift */; };
		DD0000000000000000000004 /* AppGroup.swift in Sources */ = {isa = PBXBuildFile; fileRef = BB0000000000000000000013 /* AppGroup.swift */; };
		DD0000000000000000000005 /* StudySession.swift in Sources */ = {isa = PBXBuildFile; fileRef = BB0000000000000000000014 /* StudySession.swift */; };
		DD0000000000000000000006 /* SessionStore.swift in Sources */ = {isa = PBXBuildFile; fileRef = BB0000000000000000000015 /* SessionStore.swift */; };
		DD0000000000000000000007 /* AlertScheduler.swift in Sources */ = {isa = PBXBuildFile; fileRef = BB0000000000000000000016 /* AlertScheduler.swift */; };
		DD0000000000000000000008 /* Assets.xcassets in Resources */ = {isa = PBXBuildFile; fileRef = BB0000000000000000000012 /* Assets.xcassets */; };
		DD0000000000000000000009 /* Palette.swift in Sources */ = {isa = PBXBuildFile; fileRef = BB0000000000000000000017 /* Palette.swift */; };
		DD0000000000000000000010 /* SessionViews.swift in Sources */ = {isa = PBXBuildFile; fileRef = BB0000000000000000000018 /* SessionViews.swift */; };
		DD0000000000000000000011 /* StatsWidget.swift in Sources */ = {isa = PBXBuildFile; fileRef = BB0000000000000000000019 /* StatsWidget.swift */; };
/* End PBXBuildFile section */

/* Begin PBXContainerItemProxy section */
		AA0000000000000000000019 /* PBXContainerItemProxy */ = {
			isa = PBXContainerItemProxy;
			containerPortal = AA0000000000000000000001 /* Project object */;
			proxyType = 1;
			remoteGlobalIDString = AA0000000000000000000008;
			remoteInfo = StudyTimerWidgetExtension;
		};
/* End PBXContainerItemProxy section */

/* Begin PBXCopyFilesBuildPhase section */
		AA0000000000000000000014 /* Embed Foundation Extensions */ = {
			isa = PBXCopyFilesBuildPhase;
			buildActionMask = 2147483647;
			dstPath = "";
			dstSubfolderSpec = 13;
			files = (
				AA0000000000000000000029 /* StudyTimerWidgetExtension.appex in Embed Foundation Extensions */,
			);
			name = "Embed Foundation Extensions";
			runOnlyForDeploymentPostprocessing = 0;
		};
/* End PBXCopyFilesBuildPhase section */

/* Begin PBXFileReference section */
		AA0000000000000000000009 /* StudyTimer.app */ = {isa = PBXFileReference; explicitFileType = wrapper.application; includeInIndex = 0; path = StudyTimer.app; sourceTree = BUILT_PRODUCTS_DIR; };
		AA0000000000000000000010 /* StudyTimerWidgetExtension.appex */ = {isa = PBXFileReference; explicitFileType = "wrapper.app-extension"; includeInIndex = 0; path = StudyTimerWidgetExtension.appex; sourceTree = BUILT_PRODUCTS_DIR; };
		BB0000000000000000000001 /* StudyTimerApp.swift */ = {isa = PBXFileReference; lastKnownFileType = sourcecode.swift; path = StudyTimerApp.swift; sourceTree = "<group>"; };
		BB0000000000000000000002 /* SessionPanel.swift */ = {isa = PBXFileReference; lastKnownFileType = sourcecode.swift; path = SessionPanel.swift; sourceTree = "<group>"; };
		BB0000000000000000000003 /* SessionModel.swift */ = {isa = PBXFileReference; lastKnownFileType = sourcecode.swift; path = SessionModel.swift; sourceTree = "<group>"; };
		BB0000000000000000000004 /* Info.plist */ = {isa = PBXFileReference; lastKnownFileType = text.plist.xml; path = Info.plist; sourceTree = "<group>"; };
		BB0000000000000000000005 /* StudyTimer.entitlements */ = {isa = PBXFileReference; lastKnownFileType = text.plist.entitlements; path = StudyTimer.entitlements; sourceTree = "<group>"; };
		BB0000000000000000000006 /* Assets.xcassets */ = {isa = PBXFileReference; lastKnownFileType = folder.assetcatalog; path = Assets.xcassets; sourceTree = "<group>"; };
		BB0000000000000000000007 /* StudyTimerWidgetBundle.swift */ = {isa = PBXFileReference; lastKnownFileType = sourcecode.swift; path = StudyTimerWidgetBundle.swift; sourceTree = "<group>"; };
		BB0000000000000000000008 /* StudyTimerWidget.swift */ = {isa = PBXFileReference; lastKnownFileType = sourcecode.swift; path = StudyTimerWidget.swift; sourceTree = "<group>"; };
		BB0000000000000000000009 /* WidgetIntents.swift */ = {isa = PBXFileReference; lastKnownFileType = sourcecode.swift; path = WidgetIntents.swift; sourceTree = "<group>"; };
		BB0000000000000000000010 /* Info.plist */ = {isa = PBXFileReference; lastKnownFileType = text.plist.xml; path = Info.plist; sourceTree = "<group>"; };
		BB0000000000000000000011 /* StudyTimerWidget.entitlements */ = {isa = PBXFileReference; lastKnownFileType = text.plist.entitlements; path = StudyTimerWidget.entitlements; sourceTree = "<group>"; };
		BB0000000000000000000012 /* Assets.xcassets */ = {isa = PBXFileReference; lastKnownFileType = folder.assetcatalog; path = Assets.xcassets; sourceTree = "<group>"; };
		BB0000000000000000000013 /* AppGroup.swift */ = {isa = PBXFileReference; lastKnownFileType = sourcecode.swift; path = AppGroup.swift; sourceTree = "<group>"; };
		BB0000000000000000000014 /* StudySession.swift */ = {isa = PBXFileReference; lastKnownFileType = sourcecode.swift; path = StudySession.swift; sourceTree = "<group>"; };
		BB0000000000000000000015 /* SessionStore.swift */ = {isa = PBXFileReference; lastKnownFileType = sourcecode.swift; path = SessionStore.swift; sourceTree = "<group>"; };
		BB0000000000000000000016 /* AlertScheduler.swift */ = {isa = PBXFileReference; lastKnownFileType = sourcecode.swift; path = AlertScheduler.swift; sourceTree = "<group>"; };
		BB0000000000000000000017 /* Palette.swift */ = {isa = PBXFileReference; lastKnownFileType = sourcecode.swift; path = Palette.swift; sourceTree = "<group>"; };
		BB0000000000000000000018 /* SessionViews.swift */ = {isa = PBXFileReference; lastKnownFileType = sourcecode.swift; path = SessionViews.swift; sourceTree = "<group>"; };
		BB0000000000000000000019 /* StatsWidget.swift */ = {isa = PBXFileReference; lastKnownFileType = sourcecode.swift; path = StatsWidget.swift; sourceTree = "<group>"; };
/* End PBXFileReference section */

/* Begin PBXFrameworksBuildPhase section */
		AA0000000000000000000012 /* Frameworks */ = {
			isa = PBXFrameworksBuildPhase;
			buildActionMask = 2147483647;
			files = (
			);
			runOnlyForDeploymentPostprocessing = 0;
		};
		AA0000000000000000000016 /* Frameworks */ = {
			isa = PBXFrameworksBuildPhase;
			buildActionMask = 2147483647;
			files = (
			);
			runOnlyForDeploymentPostprocessing = 0;
		};
/* End PBXFrameworksBuildPhase section */

/* Begin PBXGroup section */
		AA0000000000000000000002 = {
			isa = PBXGroup;
			children = (
				AA0000000000000000000006 /* Shared */,
				AA0000000000000000000004 /* StudyTimer */,
				AA0000000000000000000005 /* StudyTimerWidget */,
				AA0000000000000000000003 /* Products */,
			);
			sourceTree = "<group>";
		};
		AA0000000000000000000003 /* Products */ = {
			isa = PBXGroup;
			children = (
				AA0000000000000000000009 /* StudyTimer.app */,
				AA0000000000000000000010 /* StudyTimerWidgetExtension.appex */,
			);
			name = Products;
			sourceTree = "<group>";
		};
		AA0000000000000000000004 /* StudyTimer */ = {
			isa = PBXGroup;
			children = (
				BB0000000000000000000001 /* StudyTimerApp.swift */,
				BB0000000000000000000002 /* SessionPanel.swift */,
				BB0000000000000000000003 /* SessionModel.swift */,
				BB0000000000000000000006 /* Assets.xcassets */,
				BB0000000000000000000004 /* Info.plist */,
				BB0000000000000000000005 /* StudyTimer.entitlements */,
			);
			path = StudyTimer;
			sourceTree = "<group>";
		};
		AA0000000000000000000005 /* StudyTimerWidget */ = {
			isa = PBXGroup;
			children = (
				BB0000000000000000000007 /* StudyTimerWidgetBundle.swift */,
				BB0000000000000000000008 /* StudyTimerWidget.swift */,
				BB0000000000000000000009 /* WidgetIntents.swift */,
				BB0000000000000000000019 /* StatsWidget.swift */,
				BB0000000000000000000012 /* Assets.xcassets */,
				BB0000000000000000000010 /* Info.plist */,
				BB0000000000000000000011 /* StudyTimerWidget.entitlements */,
			);
			path = StudyTimerWidget;
			sourceTree = "<group>";
		};
		AA0000000000000000000006 /* Shared */ = {
			isa = PBXGroup;
			children = (
				BB0000000000000000000013 /* AppGroup.swift */,
				BB0000000000000000000014 /* StudySession.swift */,
				BB0000000000000000000015 /* SessionStore.swift */,
				BB0000000000000000000016 /* AlertScheduler.swift */,
				BB0000000000000000000017 /* Palette.swift */,
				BB0000000000000000000018 /* SessionViews.swift */,
			);
			path = Shared;
			sourceTree = "<group>";
		};
/* End PBXGroup section */

/* Begin PBXNativeTarget section */
		AA0000000000000000000007 /* StudyTimer */ = {
			isa = PBXNativeTarget;
			buildConfigurationList = AA0000000000000000000021 /* Build configuration list for PBXNativeTarget "StudyTimer" */;
			buildPhases = (
				AA0000000000000000000011 /* Sources */,
				AA0000000000000000000012 /* Frameworks */,
				AA0000000000000000000013 /* Resources */,
				AA0000000000000000000014 /* Embed Foundation Extensions */,
			);
			buildRules = (
			);
			dependencies = (
				AA0000000000000000000018 /* PBXTargetDependency */,
			);
			name = StudyTimer;
			productName = StudyTimer;
			productReference = AA0000000000000000000009 /* StudyTimer.app */;
			productType = "com.apple.product-type.application";
		};
		AA0000000000000000000008 /* StudyTimerWidgetExtension */ = {
			isa = PBXNativeTarget;
			buildConfigurationList = AA0000000000000000000022 /* Build configuration list for PBXNativeTarget "StudyTimerWidgetExtension" */;
			buildPhases = (
				AA0000000000000000000015 /* Sources */,
				AA0000000000000000000016 /* Frameworks */,
				AA0000000000000000000017 /* Resources */,
			);
			buildRules = (
			);
			dependencies = (
			);
			name = StudyTimerWidgetExtension;
			productName = StudyTimerWidgetExtension;
			productReference = AA0000000000000000000010 /* StudyTimerWidgetExtension.appex */;
			productType = "com.apple.product-type.app-extension";
		};
/* End PBXNativeTarget section */

/* Begin PBXProject section */
		AA0000000000000000000001 /* Project object */ = {
			isa = PBXProject;
			attributes = {
				BuildIndependentTargetsInParallel = 1;
				LastSwiftUpdateCheck = 1500;
				LastUpgradeCheck = 2700;
				TargetAttributes = {
					AA0000000000000000000007 = {
						CreatedOnToolsVersion = 15.0;
					};
					AA0000000000000000000008 = {
						CreatedOnToolsVersion = 15.0;
					};
				};
			};
			buildConfigurationList = AA0000000000000000000020 /* Build configuration list for PBXProject "StudyTimer" */;
			compatibilityVersion = "Xcode 14.0";
			developmentRegion = en;
			hasScannedForEncodings = 0;
			knownRegions = (
				en,
				Base,
			);
			mainGroup = AA0000000000000000000002;
			productRefGroup = AA0000000000000000000003 /* Products */;
			projectDirPath = "";
			projectRoot = "";
			targets = (
				AA0000000000000000000007 /* StudyTimer */,
				AA0000000000000000000008 /* StudyTimerWidgetExtension */,
			);
		};
/* End PBXProject section */

/* Begin PBXResourcesBuildPhase section */
		AA0000000000000000000013 /* Resources */ = {
			isa = PBXResourcesBuildPhase;
			buildActionMask = 2147483647;
			files = (
				CC0000000000000000000008 /* Assets.xcassets in Resources */,
			);
			runOnlyForDeploymentPostprocessing = 0;
		};
		AA0000000000000000000017 /* Resources */ = {
			isa = PBXResourcesBuildPhase;
			buildActionMask = 2147483647;
			files = (
				DD0000000000000000000008 /* Assets.xcassets in Resources */,
			);
			runOnlyForDeploymentPostprocessing = 0;
		};
/* End PBXResourcesBuildPhase section */

/* Begin PBXSourcesBuildPhase section */
		AA0000000000000000000011 /* Sources */ = {
			isa = PBXSourcesBuildPhase;
			buildActionMask = 2147483647;
			files = (
				CC0000000000000000000002 /* SessionPanel.swift in Sources */,
				CC0000000000000000000003 /* SessionModel.swift in Sources */,
				CC0000000000000000000001 /* StudyTimerApp.swift in Sources */,
				CC0000000000000000000004 /* AppGroup.swift in Sources */,
				CC0000000000000000000005 /* StudySession.swift in Sources */,
				CC0000000000000000000006 /* SessionStore.swift in Sources */,
				CC0000000000000000000007 /* AlertScheduler.swift in Sources */,
				CC0000000000000000000009 /* Palette.swift in Sources */,
				CC0000000000000000000010 /* SessionViews.swift in Sources */,
			);
			runOnlyForDeploymentPostprocessing = 0;
		};
		AA0000000000000000000015 /* Sources */ = {
			isa = PBXSourcesBuildPhase;
			buildActionMask = 2147483647;
			files = (
				DD0000000000000000000002 /* StudyTimerWidget.swift in Sources */,
				DD0000000000000000000001 /* StudyTimerWidgetBundle.swift in Sources */,
				DD0000000000000000000003 /* WidgetIntents.swift in Sources */,
				DD0000000000000000000004 /* AppGroup.swift in Sources */,
				DD0000000000000000000005 /* StudySession.swift in Sources */,
				DD0000000000000000000006 /* SessionStore.swift in Sources */,
				DD0000000000000000000007 /* AlertScheduler.swift in Sources */,
				DD0000000000000000000009 /* Palette.swift in Sources */,
				DD0000000000000000000010 /* SessionViews.swift in Sources */,
				DD0000000000000000000011 /* StatsWidget.swift in Sources */,
			);
			runOnlyForDeploymentPostprocessing = 0;
		};
/* End PBXSourcesBuildPhase section */

/* Begin PBXTargetDependency section */
		AA0000000000000000000018 /* PBXTargetDependency */ = {
			isa = PBXTargetDependency;
			target = AA0000000000000000000008 /* StudyTimerWidgetExtension */;
			targetProxy = AA0000000000000000000019 /* PBXContainerItemProxy */;
		};
/* End PBXTargetDependency section */

/* Begin XCBuildConfiguration section */
		AA0000000000000000000023 /* Debug */ = {
			isa = XCBuildConfiguration;
			buildSettings = {
				ALWAYS_SEARCH_USER_PATHS = NO;
				ASSETCATALOG_COMPILER_GENERATE_SWIFT_ASSET_SYMBOL_EXTENSIONS = YES;
				CLANG_ANALYZER_NONNULL = YES;
				CLANG_ENABLE_MODULES = YES;
				CLANG_ENABLE_OBJC_ARC = YES;
				CLANG_WARN_BLOCK_CAPTURE_AUTORELEASING = YES;
				CLANG_WARN_BOOL_CONVERSION = YES;
				CLANG_WARN_COMMA = YES;
				CLANG_WARN_CONSTANT_CONVERSION = YES;
				CLANG_WARN_DEPRECATED_OBJC_IMPLEMENTATIONS = YES;
				CLANG_WARN_EMPTY_BODY = YES;
				CLANG_WARN_ENUM_CONVERSION = YES;
				CLANG_WARN_INFINITE_RECURSION = YES;
				CLANG_WARN_INT_CONVERSION = YES;
				CLANG_WARN_NON_LITERAL_NULL_CONVERSION = YES;
				CLANG_WARN_OBJC_IMPLICIT_RETAIN_SELF = YES;
				CLANG_WARN_OBJC_LITERAL_CONVERSION = YES;
				CLANG_WARN_QUOTED_INCLUDE_IN_FRAMEWORK_HEADER = YES;
				CLANG_WARN_RANGE_LOOP_ANALYSIS = YES;
				CLANG_WARN_STRICT_PROTOTYPES = YES;
				CLANG_WARN_SUSPICIOUS_MOVE = YES;
				CLANG_WARN_UNREACHABLE_CODE = YES;
				CLANG_WARN__DUPLICATE_METHOD_MATCH = YES;
				COPY_PHASE_STRIP = NO;
				DEAD_CODE_STRIPPING = YES;
				DEBUG_INFORMATION_FORMAT = dwarf;
				DEVELOPMENT_TEAM = 72BBLFT7KS;
				ENABLE_STRICT_OBJC_MSGSEND = YES;
				ENABLE_TESTABILITY = YES;
				ENABLE_USER_SCRIPT_SANDBOXING = YES;
				GCC_C_LANGUAGE_STANDARD = gnu17;
				GCC_DYNAMIC_NO_PIC = NO;
				GCC_NO_COMMON_BLOCKS = YES;
				GCC_OPTIMIZATION_LEVEL = 0;
				GCC_PREPROCESSOR_DEFINITIONS = (
					"DEBUG=1",
					"$(inherited)",
				);
				GCC_WARN_64_TO_32_BIT_CONVERSION = YES;
				GCC_WARN_ABOUT_RETURN_TYPE = YES;
				GCC_WARN_UNDECLARED_SELECTOR = YES;
				GCC_WARN_UNINITIALIZED_AUTOS = YES;
				GCC_WARN_UNUSED_FUNCTION = YES;
				GCC_WARN_UNUSED_VARIABLE = YES;
				MACOSX_DEPLOYMENT_TARGET = 14.0;
				MTL_ENABLE_DEBUG_INFO = INCLUDE_SOURCE;
				MTL_FAST_MATH = YES;
				ONLY_ACTIVE_ARCH = YES;
				SDKROOT = macosx;
				STRING_CATALOG_GENERATE_SYMBOLS = YES;
				SWIFT_ACTIVE_COMPILATION_CONDITIONS = "DEBUG $(inherited)";
				SWIFT_OPTIMIZATION_LEVEL = "-Onone";
			};
			name = Debug;
		};
		AA0000000000000000000024 /* Release */ = {
			isa = XCBuildConfiguration;
			buildSettings = {
				ALWAYS_SEARCH_USER_PATHS = NO;
				ASSETCATALOG_COMPILER_GENERATE_SWIFT_ASSET_SYMBOL_EXTENSIONS = YES;
				CLANG_ANALYZER_NONNULL = YES;
				CLANG_ENABLE_MODULES = YES;
				CLANG_ENABLE_OBJC_ARC = YES;
				CLANG_WARN_BLOCK_CAPTURE_AUTORELEASING = YES;
				CLANG_WARN_BOOL_CONVERSION = YES;
				CLANG_WARN_COMMA = YES;
				CLANG_WARN_CONSTANT_CONVERSION = YES;
				CLANG_WARN_DEPRECATED_OBJC_IMPLEMENTATIONS = YES;
				CLANG_WARN_EMPTY_BODY = YES;
				CLANG_WARN_ENUM_CONVERSION = YES;
				CLANG_WARN_INFINITE_RECURSION = YES;
				CLANG_WARN_INT_CONVERSION = YES;
				CLANG_WARN_NON_LITERAL_NULL_CONVERSION = YES;
				CLANG_WARN_OBJC_IMPLICIT_RETAIN_SELF = YES;
				CLANG_WARN_OBJC_LITERAL_CONVERSION = YES;
				CLANG_WARN_QUOTED_INCLUDE_IN_FRAMEWORK_HEADER = YES;
				CLANG_WARN_RANGE_LOOP_ANALYSIS = YES;
				CLANG_WARN_STRICT_PROTOTYPES = YES;
				CLANG_WARN_SUSPICIOUS_MOVE = YES;
				CLANG_WARN_UNREACHABLE_CODE = YES;
				CLANG_WARN__DUPLICATE_METHOD_MATCH = YES;
				COPY_PHASE_STRIP = NO;
				DEAD_CODE_STRIPPING = YES;
				DEBUG_INFORMATION_FORMAT = "dwarf-with-dsym";
				DEVELOPMENT_TEAM = 72BBLFT7KS;
				ENABLE_NS_ASSERTIONS = NO;
				ENABLE_STRICT_OBJC_MSGSEND = YES;
				ENABLE_USER_SCRIPT_SANDBOXING = YES;
				GCC_C_LANGUAGE_STANDARD = gnu17;
				GCC_NO_COMMON_BLOCKS = YES;
				GCC_WARN_64_TO_32_BIT_CONVERSION = YES;
				GCC_WARN_ABOUT_RETURN_TYPE = YES;
				GCC_WARN_UNDECLARED_SELECTOR = YES;
				GCC_WARN_UNINITIALIZED_AUTOS = YES;
				GCC_WARN_UNUSED_FUNCTION = YES;
				GCC_WARN_UNUSED_VARIABLE = YES;
				MACOSX_DEPLOYMENT_TARGET = 14.0;
				MTL_ENABLE_DEBUG_INFO = NO;
				MTL_FAST_MATH = YES;
				SDKROOT = macosx;
				STRING_CATALOG_GENERATE_SYMBOLS = YES;
				SWIFT_COMPILATION_MODE = wholemodule;
			};
			name = Release;
		};
		AA0000000000000000000025 /* Debug */ = {
			isa = XCBuildConfiguration;
			buildSettings = {
				ASSETCATALOG_COMPILER_GLOBAL_ACCENT_COLOR_NAME = AccentColor;
				CODE_SIGN_ENTITLEMENTS = StudyTimer/StudyTimer.entitlements;
				CODE_SIGN_STYLE = Automatic;
				COMBINE_HIDPI_IMAGES = YES;
				CURRENT_PROJECT_VERSION = 1;
				DEAD_CODE_STRIPPING = YES;
				ENABLE_HARDENED_RUNTIME = YES;
				ENABLE_PREVIEWS = YES;
				GENERATE_INFOPLIST_FILE = NO;
				INFOPLIST_FILE = StudyTimer/Info.plist;
				LD_RUNPATH_SEARCH_PATHS = (
					"$(inherited)",
					"@executable_path/../Frameworks",
				);
				MARKETING_VERSION = 1.0;
				PRODUCT_BUNDLE_IDENTIFIER = com.newwidgets.studytimer;
				PRODUCT_NAME = "$(TARGET_NAME)";
				REGISTER_APP_GROUPS = YES;
				SWIFT_EMIT_LOC_STRINGS = YES;
				SWIFT_VERSION = 5.0;
			};
			name = Debug;
		};
		AA0000000000000000000026 /* Release */ = {
			isa = XCBuildConfiguration;
			buildSettings = {
				ASSETCATALOG_COMPILER_GLOBAL_ACCENT_COLOR_NAME = AccentColor;
				CODE_SIGN_ENTITLEMENTS = StudyTimer/StudyTimer.entitlements;
				CODE_SIGN_STYLE = Automatic;
				COMBINE_HIDPI_IMAGES = YES;
				CURRENT_PROJECT_VERSION = 1;
				DEAD_CODE_STRIPPING = YES;
				ENABLE_HARDENED_RUNTIME = YES;
				ENABLE_PREVIEWS = YES;
				GENERATE_INFOPLIST_FILE = NO;
				INFOPLIST_FILE = StudyTimer/Info.plist;
				LD_RUNPATH_SEARCH_PATHS = (
					"$(inherited)",
					"@executable_path/../Frameworks",
				);
				MARKETING_VERSION = 1.0;
				PRODUCT_BUNDLE_IDENTIFIER = com.newwidgets.studytimer;
				PRODUCT_NAME = "$(TARGET_NAME)";
				REGISTER_APP_GROUPS = YES;
				SWIFT_EMIT_LOC_STRINGS = YES;
				SWIFT_VERSION = 5.0;
			};
			name = Release;
		};
		AA0000000000000000000027 /* Debug */ = {
			isa = XCBuildConfiguration;
			buildSettings = {
				ASSETCATALOG_COMPILER_GLOBAL_ACCENT_COLOR_NAME = AccentColor;
				CODE_SIGN_ENTITLEMENTS = StudyTimerWidget/StudyTimerWidget.entitlements;
				CODE_SIGN_STYLE = Automatic;
				COMBINE_HIDPI_IMAGES = YES;
				CURRENT_PROJECT_VERSION = 1;
				DEAD_CODE_STRIPPING = YES;
				ENABLE_HARDENED_RUNTIME = YES;
				ENABLE_PREVIEWS = YES;
				GENERATE_INFOPLIST_FILE = NO;
				INFOPLIST_FILE = StudyTimerWidget/Info.plist;
				LD_RUNPATH_SEARCH_PATHS = (
					"$(inherited)",
					"@executable_path/../Frameworks",
					"@executable_path/../../../../Frameworks",
				);
				MARKETING_VERSION = 1.0;
				PRODUCT_BUNDLE_IDENTIFIER = com.newwidgets.studytimer.widget;
				PRODUCT_NAME = "$(TARGET_NAME)";
				REGISTER_APP_GROUPS = YES;
				SKIP_INSTALL = YES;
				SWIFT_EMIT_LOC_STRINGS = YES;
				SWIFT_VERSION = 5.0;
			};
			name = Debug;
		};
		AA0000000000000000000028 /* Release */ = {
			isa = XCBuildConfiguration;
			buildSettings = {
				ASSETCATALOG_COMPILER_GLOBAL_ACCENT_COLOR_NAME = AccentColor;
				CODE_SIGN_ENTITLEMENTS = StudyTimerWidget/StudyTimerWidget.entitlements;
				CODE_SIGN_STYLE = Automatic;
				COMBINE_HIDPI_IMAGES = YES;
				CURRENT_PROJECT_VERSION = 1;
				DEAD_CODE_STRIPPING = YES;
				ENABLE_HARDENED_RUNTIME = YES;
				ENABLE_PREVIEWS = YES;
				GENERATE_INFOPLIST_FILE = NO;
				INFOPLIST_FILE = StudyTimerWidget/Info.plist;
				LD_RUNPATH_SEARCH_PATHS = (
					"$(inherited)",
					"@executable_path/../Frameworks",
					"@executable_path/../../../../Frameworks",
				);
				MARKETING_VERSION = 1.0;
				PRODUCT_BUNDLE_IDENTIFIER = com.newwidgets.studytimer.widget;
				PRODUCT_NAME = "$(TARGET_NAME)";
				REGISTER_APP_GROUPS = YES;
				SKIP_INSTALL = YES;
				SWIFT_EMIT_LOC_STRINGS = YES;
				SWIFT_VERSION = 5.0;
			};
			name = Release;
		};
/* End XCBuildConfiguration section */

/* Begin XCConfigurationList section */
		AA0000000000000000000020 /* Build configuration list for PBXProject "StudyTimer" */ = {
			isa = XCConfigurationList;
			buildConfigurations = (
				AA0000000000000000000023 /* Debug */,
				AA0000000000000000000024 /* Release */,
			);
			defaultConfigurationIsVisible = 0;
			defaultConfigurationName = Release;
		};
		AA0000000000000000000021 /* Build configuration list for PBXNativeTarget "StudyTimer" */ = {
			isa = XCConfigurationList;
			buildConfigurations = (
				AA0000000000000000000025 /* Debug */,
				AA0000000000000000000026 /* Release */,
			);
			defaultConfigurationIsVisible = 0;
			defaultConfigurationName = Release;
		};
		AA0000000000000000000022 /* Build configuration list for PBXNativeTarget "StudyTimerWidgetExtension" */ = {
			isa = XCConfigurationList;
			buildConfigurations = (
				AA0000000000000000000027 /* Debug */,
				AA0000000000000000000028 /* Release */,
			);
			defaultConfigurationIsVisible = 0;
			defaultConfigurationName = Release;
		};
/* End XCConfigurationList section */
	};
	rootObject = AA0000000000000000000001 /* Project object */;
}
